
Microsoft Visual Studio Solution File, Format Version 12.00
# Visual Studio Version 17
VisualStudioVersion = 17.4.33213.308
MinimumVisualStudioVersion = 10.0.40219.1
Project("{FAE04EC0-301F-11D3-BF4B-00C04F79EFBC}") = "S4_Custom-Plumbob-Tool-WPF", "S4_Custom-Plumbob-Tool-WPF\S4_Custom-Plumbob-Tool-WPF.csproj", "{92E653D1-3055-4A4B-BDEB-0F0D54773D59}"
EndProject
Global
	GlobalSection(SolutionConfigurationPlatforms) = preSolution
		Debug|Any CPU = Debug|Any CPU
		Release|Any CPU = Release|Any CPU
	EndGlobalSection
	GlobalSection(ProjectConfigurationPlatforms) = postSolution
		{92E653D1-3055-4A4B-BDEB-0F0D54773D59}.Debug|Any CPU.ActiveCfg = Debug|Any CPU
		{92E653D1-3055-4A4B-BDEB-0F0D54773D59}.Debug|Any CPU.Build.0 = Debug|Any CPU
		{92E653D1-3055-4A4B-BDEB-0F0D54773D59}.Release|Any CPU.ActiveCfg = Release|Any CPU
		{92E653D1-3055-4A4B-BDEB-0F0D54773D59}.Release|Any CPU.Build.0 = Release|Any CPU
	EndGlobalSection
	GlobalSection(SolutionProperties) = preSolution
		HideSolutionNode = FALSE
	EndGlobalSection
	GlobalSection(ExtensibilityGlobals) = postSolution
		SolutionGuid = {12A90A8D-16A1-4F55-8DE8-0191283C9824}
	EndGlobalSection
EndGlobal
